
Microsoft Visual Studio Solution File, Format Version 12.00
# Visual Studio Version 17
VisualStudioVersion = 17.14.36327.8 d17.14
MinimumVisualStudioVersion = 10.0.40219.1
Project("{FAE04EC0-301F-11D3-BF4B-00C04F79EFBC}") = "fiap-sub-fase-5-api", "fiap-sub-fase-5-api.csproj", "{43DFA279-0694-4E82-B815-DF66BB107AA6}"
EndProject
Global
	GlobalSection(SolutionConfigurationPlatforms) = preSolution
		Debug|Any CPU = Debug|Any CPU
		Release|Any CPU = Release|Any CPU
	EndGlobalSection
	GlobalSection(ProjectConfigurationPlatforms) = postSolution
		{43DFA279-0694-4E82-B815-DF66BB107AA6}.Debug|Any CPU.ActiveCfg = Debug|Any CPU
		{43DFA279-0694-4E82-B815-DF66BB107AA6}.Debug|Any CPU.Build.0 = Debug|Any CPU
		{43DFA279-0694-4E82-B815-DF66BB107AA6}.Release|Any CPU.ActiveCfg = Release|Any CPU
		{43DFA279-0694-4E82-B815-DF66BB107AA6}.Release|Any CPU.Build.0 = Release|Any CPU
	EndGlobalSection
	GlobalSection(SolutionProperties) = preSolution
		HideSolutionNode = FALSE
	EndGlobalSection
	GlobalSection(ExtensibilityGlobals) = postSolution
		SolutionGuid = {A80F8BC4-AE3B-479C-9618-B8FBE369E30D}
	EndGlobalSection
EndGlobal
